Microsoft Visual Studio Solution File, Format Version 11.00
# Visual Studio 2008

Project("{714414C9-6C18-1ABA-5F36-9FE017CBA48A}") = "uhMAZEing", "Assembly-CSharp.csproj", "{F212B009-3303-66A4-F18F-C47ED97FBC94}"
EndProject
Global
	GlobalSection(SolutionConfigurationPlatforms) = preSolution
		Debug|Any CPU = Debug|Any CPU
		Release|Any CPU = Release|Any CPU
	EndGlobalSection
	GlobalSection(ProjectConfigurationPlatforms) = postSolution
		{F212B009-3303-66A4-F18F-C47ED97FBC94}.Debug|Any CPU.ActiveCfg = Debug|Any CPU
		{F212B009-3303-66A4-F18F-C47ED97FBC94}.Debug|Any CPU.Build.0 = Debug|Any CPU
		{F212B009-3303-66A4-F18F-C47ED97FBC94}.Release|Any CPU.ActiveCfg = Release|Any CPU
		{F212B009-3303-66A4-F18F-C47ED97FBC94}.Release|Any CPU.Build.0 = Release|Any CPU
	EndGlobalSection
	GlobalSection(SolutionProperties) = preSolution
		HideSolutionNode = FALSE
	EndGlobalSection
	GlobalSection(MonoDevelopProperties) = preSolution
		StartupItem = Assembly-CSharp.csproj
	EndGlobalSection
EndGlobal
